# This file is automatically @generated by Cargo.
# It is not intended for manual editing.
[[package]]
name = "driver"
version = "0.1.0"
dependencies = [
 "parser 0.1.0",
]

[[package]]
name = "generated_parser"
version = "0.1.0"

[[package]]
name = "parser"
version = "0.1.0"
dependencies = [
 "generated_parser 0.1.0",
]

